// !$*UTF8*$!
{
	archiveVersion = 1;
	classes = {
	};
	objectVersion = 46;
	objects = {

/* Begin PBXBuildFile section */
		BA323B3B1B22CAB0001E93B0 /* main.m in Sources */ = {isa = PBXBuildFile; fileRef = BA323B3A1B22CAB0001E93B0 /* main.m */; };
		BA323B491B22CAB0001E93B0 /* LaunchScreen.xib in Resources */ = {isa = PBXBuildFile; fileRef = BA323B471B22CAB0001E93B0 /* LaunchScreen.xib */; };
		BA323B551B22CAB0001E93B0 /* lynnWeiboTests.m in Sources */ = {isa = PBXBuildFile; fileRef = BA323B541B22CAB0001E93B0 /* lynnWeiboTests.m */; };
		BA8E6FFC1B22D7B5005677DF /* AppDelegate.m in Sources */ = {isa = PBXBuildFile; fileRef = BA8E6FFB1B22D7B5005677DF /* AppDelegate.m */; };
		BA8E70001B22D80C005677DF /* LYTabBarController.m in Sources */ = {isa = PBXBuildFile; fileRef = BA8E6FFF1B22D80C005677DF /* LYTabBarController.m */; };
		BA8E70041B22DAA1005677DF /* Images.xcassets in Resources */ = {isa = PBXBuildFile; fileRef = BA8E70031B22DAA1005677DF /* Images.xcassets */; };
/* End PBXBuildFile section */

/* Begin PBXContainerItemProxy section */
		BA323B4F1B22CAB0001E93B0 /* PBXContainerItemProxy */ = {
			isa = PBXContainerItemProxy;
			containerPortal = BA323B2D1B22CAB0001E93B0 /* Project object */;
			proxyType = 1;
			remoteGlobalIDString = BA323B341B22CAB0001E93B0;
			remoteInfo = lynnWeibo;
		};
/* End PBXContainerItemProxy section */

/* Begin PBXFileReference section */
		BA323B351B22CAB0001E93B0 /* lynnWeibo.app */ = {isa = PBXFileReference; explicitFileType = wrapper.application; includeInIndex = 0; path = lynnWeibo.app; sourceTree = BUILT_PRODUCTS_DIR; };
		BA323B391B22CAB0001E93B0 /* Info.plist */ = {isa = PBXFileReference; lastKnownFileType = text.plist.xml; path = Info.plist; sourceTree = "<group>"; };
		BA323B3A1B22CAB0001E93B0 /* main.m */ = {isa = PBXFileReference; lastKnownFileType = sourcecode.c.objc; path = main.m; sourceTree = "<group>"; };
		BA323B481B22CAB0001E93B0 /* Base */ = {isa = PBXFileReference; lastKnownFileType = file.xib; name = Base; path = Base.lproj/LaunchScreen.xib; sourceTree = "<group>"; };
		BA323B4E1B22CAB0001E93B0 /* lynnWeiboTests.xctest */ = {isa = PBXFileReference; explicitFileType = wrapper.cfbundle; includeInIndex = 0; path = lynnWeiboTests.xctest; sourceTree = BUILT_PRODUCTS_DIR; };
		BA323B531B22CAB0001E93B0 /* Info.plist */ = {isa = PBXFileReference; lastKnownFileType = text.plist.xml; path = Info.plist; sourceTree = "<group>"; };
		BA323B541B22CAB0001E93B0 /* lynnWeiboTests.m */ = {isa = PBXFileReference; lastKnownFileType = sourcecode.c.objc; path = lynnWeiboTests.m; sourceTree = "<group>"; };
		BA8E6FFA1B22D7B5005677DF /* AppDelegate.h */ = {isa = PBXFileReference; fileEncoding = 4; lastKnownFileType = sourcecode.c.h; path = AppDelegate.h; sourceTree = "<group>"; };
		BA8E6FFB1B22D7B5005677DF /* AppDelegate.m */ = {isa = PBXFileReference; fileEncoding = 4; lastKnownFileType = sourcecode.c.objc; path = AppDelegate.m; sourceTree = "<group>"; };
		BA8E6FFD1B22D7E2005677DF /* lynnWeibo-prefix.pch */ = {isa = PBXFileReference; lastKnownFileType = sourcecode.c.h; path = "lynnWeibo-prefix.pch"; sourceTree = "<group>"; };
		BA8E6FFE1B22D80C005677DF /* LYTabBarController.h */ = {isa = PBXFileReference; fileEncoding = 4; lastKnownFileType = sourcecode.c.h; path = LYTabBarController.h; sourceTree = "<group>"; };
		BA8E6FFF1B22D80C005677DF /* LYTabBarController.m */ = {isa = PBXFileReference; fileEncoding = 4; lastKnownFileType = sourcecode.c.objc; path = LYTabBarController.m; sourceTree = "<group>"; };
		BA8E70031B22DAA1005677DF /* Images.xcassets */ = {isa = PBXFileReference; lastKnownFileType = folder.assetcatalog; path = Images.xcassets; sourceTree = "<group>"; };
/* End PBXFileReference section */

/* Begin PBXFrameworksBuildPhase section */
		BA323B321B22CAB0001E93B0 /* Frameworks */ = {
			isa = PBXFrameworksBuildPhase;
			buildActionMask = 2147483647;
			files = (
			);
			runOnlyForDeploymentPostprocessing = 0;
		};
		BA323B4B1B22CAB0001E93B0 /* Frameworks */ = {
			isa = PBXFrameworksBuildPhase;
			buildActionMask = 2147483647;
			files = (
			);
			runOnlyForDeploymentPostprocessing = 0;
		};
/* End PBXFrameworksBuildPhase section */

/* Begin PBXGroup section */
		BA323B2C1B22CAB0001E93B0 = {
			isa = PBXGroup;
			children = (
				BA323B371B22CAB0001E93B0 /* lynnWeibo */,
				BA323B511B22CAB0001E93B0 /* lynnWeiboTests */,
				BA323B361B22CAB0001E93B0 /* Products */,
			);
			sourceTree = "<group>";
		};
		BA323B361B22CAB0001E93B0 /* Products */ = {
			isa = PBXGroup;
			children = (
				BA323B351B22CAB0001E93B0 /* lynnWeibo.app */,
				BA323B4E1B22CAB0001E93B0 /* lynnWeiboTests.xctest */,
			);
			name = Products;
			sourceTree = "<group>";
		};
		BA323B371B22CAB0001E93B0 /* lynnWeibo */ = {
			isa = PBXGroup;
			children = (
				BA323B901B22D531001E93B0 /* classes */,
				BA323B471B22CAB0001E93B0 /* LaunchScreen.xib */,
				BA8E70031B22DAA1005677DF /* Images.xcassets */,
				BA323B381B22CAB0001E93B0 /* Supporting Files */,
			);
			path = lynnWeibo;
			sourceTree = "<group>";
		};
		BA323B381B22CAB0001E93B0 /* Supporting Files */ = {
			isa = PBXGroup;
			children = (
				BA323B391B22CAB0001E93B0 /* Info.plist */,
				BA323B3A1B22CAB0001E93B0 /* main.m */,
			);
			name = "Supporting Files";
			sourceTree = "<group>";
		};
		BA323B511B22CAB0001E93B0 /* lynnWeiboTests */ = {
			isa = PBXGroup;
			children = (
				BA323B541B22CAB0001E93B0 /* lynnWeiboTests.m */,
				BA323B521B22CAB0001E93B0 /* Supporting Files */,
			);
			path = lynnWeiboTests;
			sourceTree = "<group>";
		};
		BA323B521B22CAB0001E93B0 /* Supporting Files */ = {
			isa = PBXGroup;
			children = (
				BA323B531B22CAB0001E93B0 /* Info.plist */,
			);
			name = "Supporting Files";
			sourceTree = "<group>";
		};
		BA323B901B22D531001E93B0 /* classes */ = {
			isa = PBXGroup;
			children = (
				BA323B991B22D531001E93B0 /* main */,
				BA323B951B22D531001E93B0 /* home(首页) */,
				BA323B9C1B22D531001E93B0 /* message(消息) */,
				BA323B911B22D531001E93B0 /* discover(发现) */,
				BA323BA01B22D531001E93B0 /* profile(我) */,
			);
			path = classes;
			sourceTree = "<group>";
		};
		BA323B911B22D531001E93B0 /* discover(发现) */ = {
			isa = PBXGroup;
			children = (
				BA323B921B22D531001E93B0 /* controller */,
				BA323B931B22D531001E93B0 /* model */,
				BA323B941B22D531001E93B0 /* view */,
			);
			path = "discover(发现)";
			sourceTree = "<group>";
		};
		BA323B921B22D531001E93B0 /* controller */ = {
			isa = PBXGroup;
			children = (
			);
			path = controller;
			sourceTree = "<group>";
		};
		BA323B931B22D531001E93B0 /* model */ = {
			isa = PBXGroup;
			children = (
			);
			path = model;
			sourceTree = "<group>";
		};
		BA323B941B22D531001E93B0 /* view */ = {
			isa = PBXGroup;
			children = (
			);
			path = view;
			sourceTree = "<group>";
		};
		BA323B951B22D531001E93B0 /* home(首页) */ = {
			isa = PBXGroup;
			children = (
				BA323B961B22D531001E93B0 /* controller */,
				BA323B971B22D531001E93B0 /* model */,
				BA323B981B22D531001E93B0 /* view */,
			);
			path = "home(首页)";
			sourceTree = "<group>";
		};
		BA323B961B22D531001E93B0 /* controller */ = {
			isa = PBXGroup;
			children = (
			);
			path = controller;
			sourceTree = "<group>";
		};
		BA323B971B22D531001E93B0 /* model */ = {
			isa = PBXGroup;
			children = (
			);
			path = model;
			sourceTree = "<group>";
		};
		BA323B981B22D531001E93B0 /* view */ = {
			isa = PBXGroup;
			children = (
			);
			path = view;
			sourceTree = "<group>";
		};
		BA323B991B22D531001E93B0 /* main */ = {
			isa = PBXGroup;
			children = (
				BA8E6FFA1B22D7B5005677DF /* AppDelegate.h */,
				BA8E6FFB1B22D7B5005677DF /* AppDelegate.m */,
				BA8E6FFD1B22D7E2005677DF /* lynnWeibo-prefix.pch */,
				BA8E6FFE1B22D80C005677DF /* LYTabBarController.h */,
				BA8E6FFF1B22D80C005677DF /* LYTabBarController.m */,
				BA323B9A1B22D531001E93B0 /* category */,
				BA323B9B1B22D531001E93B0 /* others */,
			);
			path = main;
			sourceTree = "<group>";
		};
		BA323B9A1B22D531001E93B0 /* category */ = {
			isa = PBXGroup;
			children = (
			);
			path = category;
			sourceTree = "<group>";
		};
		BA323B9B1B22D531001E93B0 /* others */ = {
			isa = PBXGroup;
			children = (
			);
			path = others;
			sourceTree = "<group>";
		};
		BA323B9C1B22D531001E93B0 /* message(消息) */ = {
			isa = PBXGroup;
			children = (
				BA323B9D1B22D531001E93B0 /* controller */,
				BA323B9E1B22D531001E93B0 /* model */,
				BA323B9F1B22D531001E93B0 /* view */,
			);
			path = "message(消息)";
			sourceTree = "<group>";
		};
		BA323B9D1B22D531001E93B0 /* controller */ = {
			isa = PBXGroup;
			children = (
			);
			path = controller;
			sourceTree = "<group>";
		};
		BA323B9E1B22D531001E93B0 /* model */ = {
			isa = PBXGroup;
			children = (
			);
			path = model;
			sourceTree = "<group>";
		};
		BA323B9F1B22D531001E93B0 /* view */ = {
			isa = PBXGroup;
			children = (
			);
			path = view;
			sourceTree = "<group>";
		};
		BA323BA01B22D531001E93B0 /* profile(我) */ = {
			isa = PBXGroup;
			children = (
				BA323BA11B22D531001E93B0 /* controller */,
				BA323BA21B22D531001E93B0 /* model */,
				BA323BA31B22D531001E93B0 /* view */,
			);
			path = "profile(我)";
			sourceTree = "<group>";
		};
		BA323BA11B22D531001E93B0 /* controller */ = {
			isa = PBXGroup;
			children = (
			);
			path = controller;
			sourceTree = "<group>";
		};
		BA323BA21B22D531001E93B0 /* model */ = {
			isa = PBXGroup;
			children = (
			);
			path = model;
			sourceTree = "<group>";
		};
		BA323BA31B22D531001E93B0 /* view */ = {
			isa = PBXGroup;
			children = (
			);
			path = view;
			sourceTree = "<group>";
		};
/* End PBXGroup section */

/* Begin PBXNativeTarget section */
		BA323B341B22CAB0001E93B0 /* lynnWeibo */ = {
			isa = PBXNativeTarget;
			buildConfigurationList = BA323B581B22CAB0001E93B0 /* Build configuration list for PBXNativeTarget "lynnWeibo" */;
			buildPhases = (
				BA323B311B22CAB0001E93B0 /* Sources */,
				BA323B321B22CAB0001E93B0 /* Frameworks */,
				BA323B331B22CAB0001E93B0 /* Resources */,
			);
			buildRules = (
			);
			dependencies = (
			);
			name = lynnWeibo;
			productName = lynnWeibo;
			productReference = BA323B351B22CAB0001E93B0 /* lynnWeibo.app */;
			productType = "com.apple.product-type.application";
		};
		BA323B4D1B22CAB0001E93B0 /* lynnWeiboTests */ = {
			isa = PBXNativeTarget;
			buildConfigurationList = BA323B5B1B22CAB0001E93B0 /* Build configuration list for PBXNativeTarget "lynnWeiboTests" */;
			buildPhases = (
				BA323B4A1B22CAB0001E93B0 /* Sources */,
				BA323B4B1B22CAB0001E93B0 /* Frameworks */,
				BA323B4C1B22CAB0001E93B0 /* Resources */,
			);
			buildRules = (
			);
			dependencies = (
				BA323B501B22CAB0001E93B0 /* PBXTargetDependency */,
			);
			name = lynnWeiboTests;
			productName = lynnWeiboTests;
			productReference = BA323B4E1B22CAB0001E93B0 /* lynnWeiboTests.xctest */;
			productType = "com.apple.product-type.bundle.unit-test";
		};
/* End PBXNativeTarget section */

/* Begin PBXProject section */
		BA323B2D1B22CAB0001E93B0 /* Project object */ = {
			isa = PBXProject;
			attributes = {
				CLASSPREFIX = LY;
				LastUpgradeCheck = 0630;
				ORGANIZATIONNAME = Lynn;
				TargetAttributes = {
					BA323B341B22CAB0001E93B0 = {
						CreatedOnToolsVersion = 6.3.1;
					};
					BA323B4D1B22CAB0001E93B0 = {
						CreatedOnToolsVersion = 6.3.1;
						TestTargetID = BA323B341B22CAB0001E93B0;
					};
				};
			};
			buildConfigurationList = BA323B301B22CAB0001E93B0 /* Build configuration list for PBXProject "lynnWeibo" */;
			compatibilityVersion = "Xcode 3.2";
			developmentRegion = English;
			hasScannedForEncodings = 0;
			knownRegions = (
				en,
				Base,
			);
			mainGroup = BA323B2C1B22CAB0001E93B0;
			productRefGroup = BA323B361B22CAB0001E93B0 /* Products */;
			projectDirPath = "";
			projectRoot = "";
			targets = (
				BA323B341B22CAB0001E93B0 /* lynnWeibo */,
				BA323B4D1B22CAB0001E93B0 /* lynnWeiboTests */,
			);
		};
/* End PBXProject section */

/* Begin PBXResourcesBuildPhase section */
		BA323B331B22CAB0001E93B0 /* Resources */ = {
			isa = PBXResourcesBuildPhase;
			buildActionMask = 2147483647;
			files = (
				BA323B491B22CAB0001E93B0 /* LaunchScreen.xib in Resources */,
				BA8E70041B22DAA1005677DF /* Images.xcassets in Resources */,
			);
			runOnlyForDeploymentPostprocessing = 0;
		};
		BA323B4C1B22CAB0001E93B0 /* Resources */ = {
			isa = PBXResourcesBuildPhase;
			buildActionMask = 2147483647;
			files = (
			);
			runOnlyForDeploymentPostprocessing = 0;
		};
/* End PBXResourcesBuildPhase section */

/* Begin PBXSourcesBuildPhase section */
		BA323B311B22CAB0001E93B0 /* Sources */ = {
			isa = PBXSourcesBuildPhase;
			buildActionMask = 2147483647;
			files = (
				BA8E6FFC1B22D7B5005677DF /* AppDelegate.m in Sources */,
				BA8E70001B22D80C005677DF /* LYTabBarController.m in Sources */,
				BA323B3B1B22CAB0001E93B0 /* main.m in Sources */,
			);
			runOnlyForDeploymentPostprocessing = 0;
		};
		BA323B4A1B22CAB0001E93B0 /* Sources */ = {
			isa = PBXSourcesBuildPhase;
			buildActionMask = 2147483647;
			files = (
				BA323B551B22CAB0001E93B0 /* lynnWeiboTests.m in Sources */,
			);
			runOnlyForDeploymentPostprocessing = 0;
		};
/* End PBXSourcesBuildPhase section */

/* Begin PBXTargetDependency section */
		BA323B501B22CAB0001E93B0 /* PBXTargetDependency */ = {
			isa = PBXTargetDependency;
			target = BA323B341B22CAB0001E93B0 /* lynnWeibo */;
			targetProxy = BA323B4F1B22CAB0001E93B0 /* PBXContainerItemProxy */;
		};
/* End PBXTargetDependency section */

/* Begin PBXVariantGroup section */
		BA323B471B22CAB0001E93B0 /* LaunchScreen.xib */ = {
			isa = PBXVariantGroup;
			children = (
				BA323B481B22CAB0001E93B0 /* Base */,
			);
			name = LaunchScreen.xib;
			sourceTree = "<group>";
		};
/* End PBXVariantGroup section */

/* Begin XCBuildConfiguration section */
		BA323B561B22CAB0001E93B0 /* Debug */ = {
			isa = XCBuildConfiguration;
			buildSettings = {
				ALWAYS_SEARCH_USER_PATHS = NO;
				CLANG_CXX_LANGUAGE_STANDARD = "gnu++0x";
				CLANG_CXX_LIBRARY = "libc++";
				CLANG_ENABLE_MODULES = YES;
				CLANG_ENABLE_OBJC_ARC = YES;
				CLANG_WARN_BOOL_CONVERSION = YES;
				CLANG_WARN_CONSTANT_CONVERSION = YES;
				CLANG_WARN_DIRECT_OBJC_ISA_USAGE = YES_ERROR;
				CLANG_WARN_EMPTY_BODY = YES;
				CLANG_WARN_ENUM_CONVERSION = YES;
				CLANG_WARN_INT_CONVERSION = YES;
				CLANG_WARN_OBJC_ROOT_CLASS = YES_ERROR;
				CLANG_WARN_UNREACHABLE_CODE = YES;
				CLANG_WARN__DUPLICATE_METHOD_MATCH = YES;
				"CODE_SIGN_IDENTITY[sdk=iphoneos*]" = "iPhone Developer";
				COPY_PHASE_STRIP = NO;
				DEBUG_INFORMATION_FORMAT = "dwarf-with-dsym";
				ENABLE_STRICT_OBJC_MSGSEND = YES;
				GCC_C_LANGUAGE_STANDARD = gnu99;
				GCC_DYNAMIC_NO_PIC = NO;
				GCC_NO_COMMON_BLOCKS = YES;
				GCC_OPTIMIZATION_LEVEL = 0;
				GCC_PREFIX_HEADER = "$(SRCROOT)/lynnWeibo/classes/main/lynnWeibo-prefix.pch";
				GCC_PREPROCESSOR_DEFINITIONS = (
					"DEBUG=1",
					"$(inherited)",
				);
				GCC_SYMBOLS_PRIVATE_EXTERN = NO;
				GCC_WARN_64_TO_32_BIT_CONVERSION = YES;
				GCC_WARN_ABOUT_RETURN_TYPE = YES_ERROR;
				GCC_WARN_UNDECLARED_SELECTOR = YES;
				GCC_WARN_UNINITIALIZED_AUTOS = YES_AGGRESSIVE;
				GCC_WARN_UNUSED_FUNCTION = YES;
				GCC_WARN_UNUSED_VARIABLE = YES;
				IPHONEOS_DEPLOYMENT_TARGET = 8.3;
				MTL_ENABLE_DEBUG_INFO = YES;
				ONLY_ACTIVE_ARCH = YES;
				SDKROOT = iphoneos;
				TARGETED_DEVICE_FAMILY = "1,2";
			};
			name = Debug;
		};
		BA323B571B22CAB0001E93B0 /* Release */ = {
			isa = XCBuildConfiguration;
			buildSettings = {
				ALWAYS_SEARCH_USER_PATHS = NO;
				CLANG_CXX_LANGUAGE_STANDARD = "gnu++0x";
				CLANG_CXX_LIBRARY = "libc++";
				CLANG_ENABLE_MODULES = YES;
				CLANG_ENABLE_OBJC_ARC = YES;
				CLANG_WARN_BOOL_CONVERSION = YES;
				CLANG_WARN_CONSTANT_CONVERSION = YES;
				CLANG_WARN_DIRECT_OBJC_ISA_USAGE = YES_ERROR;
				CLANG_WARN_EMPTY_BODY = YES;
				CLANG_WARN_ENUM_CONVERSION = YES;
				CLANG_WARN_INT_CONVERSION = YES;
				CLANG_WARN_OBJC_ROOT_CLASS = YES_ERROR;
				CLANG_WARN_UNREACHABLE_CODE = YES;
				CLANG_WARN__DUPLICATE_METHOD_MATCH = YES;
				"CODE_SIGN_IDENTITY[sdk=iphoneos*]" = "iPhone Developer";
				COPY_PHASE_STRIP = NO;
				DEBUG_INFORMATION_FORMAT = "dwarf-with-dsym";
				ENABLE_NS_ASSERTIONS = NO;
				ENABLE_STRICT_OBJC_MSGSEND = YES;
				GCC_C_LANGUAGE_STANDARD = gnu99;
				GCC_NO_COMMON_BLOCKS = YES;
				GCC_PREFIX_HEADER = "$(SRCROOT)/lynnWeibo/classes/main/lynnWeibo-prefix.pch";
				GCC_WARN_64_TO_32_BIT_CONVERSION = YES;
				GCC_WARN_ABOUT_RETURN_TYPE = YES_ERROR;
				GCC_WARN_UNDECLARED_SELECTOR = YES;
				GCC_WARN_UNINITIALIZED_AUTOS = YES_AGGRESSIVE;
				GCC_WARN_UNUSED_FUNCTION = YES;
				GCC_WARN_UNUSED_VARIABLE = YES;
				IPHONEOS_DEPLOYMENT_TARGET = 8.3;
				MTL_ENABLE_DEBUG_INFO = NO;
				SDKROOT = iphoneos;
				TARGETED_DEVICE_FAMILY = "1,2";
				VALIDATE_PRODUCT = YES;
			};
			name = Release;
		};
		BA323B591B22CAB0001E93B0 /* Debug */ = {
			isa = XCBuildConfiguration;
			buildSettings = {
				ASSETCATALOG_COMPILER_APPICON_NAME = AppIcon;
				INFOPLIST_FILE = lynnWeibo/Info.plist;
				LD_RUNPATH_SEARCH_PATHS = "$(inherited) @executable_path/Frameworks";
				PRODUCT_NAME = "$(TARGET_NAME)";
			};
			name = Debug;
		};
		BA323B5A1B22CAB0001E93B0 /* Release */ = {
			isa = XCBuildConfiguration;
			buildSettings = {
				ASSETCATALOG_COMPILER_APPICON_NAME = AppIcon;
				INFOPLIST_FILE = lynnWeibo/Info.plist;
				LD_RUNPATH_SEARCH_PATHS = "$(inherited) @executable_path/Frameworks";
				PRODUCT_NAME = "$(TARGET_NAME)";
			};
			name = Release;
		};
		BA323B5C1B22CAB0001E93B0 /* Debug */ = {
			isa = XCBuildConfiguration;
			buildSettings = {
				BUNDLE_LOADER = "$(TEST_HOST)";
				FRAMEWORK_SEARCH_PATHS = (
					"$(SDKROOT)/Developer/Library/Frameworks",
					"$(inherited)",
				);
				GCC_PREPROCESSOR_DEFINITIONS = (
					"DEBUG=1",
					"$(inherited)",
				);
				INFOPLIST_FILE = lynnWeiboTests/Info.plist;
				LD_RUNPATH_SEARCH_PATHS = "$(inherited) @executable_path/Frameworks @loader_path/Frameworks";
				PRODUCT_NAME = "$(TARGET_NAME)";
				TEST_HOST = "$(BUILT_PRODUCTS_DIR)/lynnWeibo.app/lynnWeibo";
			};
			name = Debug;
		};
		BA323B5D1B22CAB0001E93B0 /* Release */ = {
			isa = XCBuildConfiguration;
			buildSettings = {
				BUNDLE_LOADER = "$(TEST_HOST)";
				FRAMEWORK_SEARCH_PATHS = (
					"$(SDKROOT)/Developer/Library/Frameworks",
					"$(inherited)",
				);
				INFOPLIST_FILE = lynnWeiboTests/Info.plist;
				LD_RUNPATH_SEARCH_PATHS = "$(inherited) @executable_path/Frameworks @loader_path/Frameworks";
				PRODUCT_NAME = "$(TARGET_NAME)";
				TEST_HOST = "$(BUILT_PRODUCTS_DIR)/lynnWeibo.app/lynnWeibo";
			};
			name = Release;
		};
/* End XCBuildConfiguration section */

/* Begin XCConfigurationList section */
		BA323B301B22CAB0001E93B0 /* Build configuration list for PBXProject "lynnWeibo" */ = {
			isa = XCConfigurationList;
			buildConfigurations = (
				BA323B561B22CAB0001E93B0 /* Debug */,
				BA323B571B22CAB0001E93B0 /* Release */,
			);
			defaultConfigurationIsVisible = 0;
			defaultConfigurationName = Release;
		};
		BA323B581B22CAB0001E93B0 /* Build configuration list for PBXNativeTarget "lynnWeibo" */ = {
			isa = XCConfigurationList;
			buildConfigurations = (
				BA323B591B22CAB0001E93B0 /* Debug */,
				BA323B5A1B22CAB0001E93B0 /* Release */,
			);
			defaultConfigurationIsVisible = 0;
			defaultConfigurationName = Release;
		};
		BA323B5B1B22CAB0001E93B0 /* Build configuration list for PBXNativeTarget "lynnWeiboTests" */ = {
			isa = XCConfigurationList;
			buildConfigurations = (
				BA323B5C1B22CAB0001E93B0 /* Debug */,
				BA323B5D1B22CAB0001E93B0 /* Release */,
			);
			defaultConfigurationIsVisible = 0;
			defaultConfigurationName = Release;
		};
/* End XCConfigurationList section */
	};
	rootObject = BA323B2D1B22CAB0001E93B0 /* Project object */;
}
