// !$*UTF8*$!
{
	archiveVersion = 1;
	classes = {
	};
	objectVersion = 46;
	objects = {

/* Begin PBXBuildFile section */
		BA323B3B1B22CAB0001E93B0 /* main.m in Sources */ = {isa = PBXBuildFile; fileRef = BA323B3A1B22CAB0001E93B0 /* main.m */; };
		BA323B551B22CAB0001E93B0 /* lynnWeiboTests.m in Sources */ = {isa = PBXBuildFile; fileRef = BA323B541B22CAB0001E93B0 /* lynnWeiboTests.m */; };
		BA7E8FF31B23E06100A01A18 /* Images.xcassets in Resources */ = {isa = PBXBuildFile; fileRef = BA7E8FF21B23E06100A01A18 /* Images.xcassets */; };
		BAB2E5EF1B254FBA00157BF8 /* LYPopMenuView.m in Sources */ = {isa = PBXBuildFile; fileRef = BAB2E5EC1B254FBA00157BF8 /* LYPopMenuView.m */; };
		BAB2E5F01B254FBA00157BF8 /* LYTitleButton.m in Sources */ = {isa = PBXBuildFile; fileRef = BAB2E5EE1B254FBA00157BF8 /* LYTitleButton.m */; };
		BAB2E5F31B25500000157BF8 /* LYSearchBar.m in Sources */ = {isa = PBXBuildFile; fileRef = BAB2E5F21B25500000157BF8 /* LYSearchBar.m */; };
		BAB2E5F61B25504C00157BF8 /* LYWriteViewController.m in Sources */ = {isa = PBXBuildFile; fileRef = BAB2E5F51B25504C00157BF8 /* LYWriteViewController.m */; };
		BAB2E5FB1B25671F00157BF8 /* LaunchScreen.xib in Resources */ = {isa = PBXBuildFile; fileRef = BAB2E5FA1B25671F00157BF8 /* LaunchScreen.xib */; };
		BAB2E6021B258B1300157BF8 /* LYIntroController.m in Sources */ = {isa = PBXBuildFile; fileRef = BAB2E6011B258B1300157BF8 /* LYIntroController.m */; };
		BAE6EF431B2549D300178DBD /* LYDiscoverTableController.m in Sources */ = {isa = PBXBuildFile; fileRef = BAE6EF091B2549D300178DBD /* LYDiscoverTableController.m */; };
		BAE6EF451B2549D300178DBD /* LYHomeTableController.m in Sources */ = {isa = PBXBuildFile; fileRef = BAE6EF111B2549D300178DBD /* LYHomeTableController.m */; };
		BAE6EF481B2549D300178DBD /* NSArray+ChineseExt.m in Sources */ = {isa = PBXBuildFile; fileRef = BAE6EF1B1B2549D300178DBD /* NSArray+ChineseExt.m */; };
		BAE6EF491B2549D300178DBD /* UIBarButtonItem+ButtonImageExt.m in Sources */ = {isa = PBXBuildFile; fileRef = BAE6EF1D1B2549D300178DBD /* UIBarButtonItem+ButtonImageExt.m */; };
		BAE6EF4A1B2549D300178DBD /* UIImage+ResizeExt.m in Sources */ = {isa = PBXBuildFile; fileRef = BAE6EF1F1B2549D300178DBD /* UIImage+ResizeExt.m */; };
		BAE6EF4B1B2549D300178DBD /* UIView+ViewFrameExt.m in Sources */ = {isa = PBXBuildFile; fileRef = BAE6EF211B2549D300178DBD /* UIView+ViewFrameExt.m */; };
		BAE6EF4C1B2549D300178DBD /* LYNavigationController.m in Sources */ = {isa = PBXBuildFile; fileRef = BAE6EF241B2549D300178DBD /* LYNavigationController.m */; };
		BAE6EF4D1B2549D300178DBD /* LYTabBarController.m in Sources */ = {isa = PBXBuildFile; fileRef = BAE6EF261B2549D300178DBD /* LYTabBarController.m */; };
		BAE6EF4E1B2549D300178DBD /* AppDelegate.m in Sources */ = {isa = PBXBuildFile; fileRef = BAE6EF2A1B2549D300178DBD /* AppDelegate.m */; };
		BAE6EF4F1B2549D300178DBD /* LYTabBar.m in Sources */ = {isa = PBXBuildFile; fileRef = BAE6EF2E1B2549D300178DBD /* LYTabBar.m */; };
		BAE6EF501B2549D300178DBD /* LYMessageTableController.m in Sources */ = {isa = PBXBuildFile; fileRef = BAE6EF321B2549D300178DBD /* LYMessageTableController.m */; };
		BAE6EF511B2549D300178DBD /* LYProfileTableController.m in Sources */ = {isa = PBXBuildFile; fileRef = BAE6EF381B2549D300178DBD /* LYProfileTableController.m */; };
/* End PBXBuildFile section */

/* Begin PBXContainerItemProxy section */
		BA323B4F1B22CAB0001E93B0 /* PBXContainerItemProxy */ = {
			isa = PBXContainerItemProxy;
			containerPortal = BA323B2D1B22CAB0001E93B0 /* Project object */;
			proxyType = 1;
			remoteGlobalIDString = BA323B341B22CAB0001E93B0;
			remoteInfo = lynnWeibo;
		};
/* End PBXContainerItemProxy section */

/* Begin PBXFileReference section */
		BA323B351B22CAB0001E93B0 /* lynnWeibo.app */ = {isa = PBXFileReference; explicitFileType = wrapper.application; includeInIndex = 0; path = lynnWeibo.app; sourceTree = BUILT_PRODUCTS_DIR; };
		BA323B391B22CAB0001E93B0 /* Info.plist */ = {isa = PBXFileReference; lastKnownFileType = text.plist.xml; path = Info.plist; sourceTree = "<group>"; };
		BA323B3A1B22CAB0001E93B0 /* main.m */ = {isa = PBXFileReference; lastKnownFileType = sourcecode.c.objc; path = main.m; sourceTree = "<group>"; };
		BA323B4E1B22CAB0001E93B0 /* lynnWeiboTests.xctest */ = {isa = PBXFileReference; explicitFileType = wrapper.cfbundle; includeInIndex = 0; path = lynnWeiboTests.xctest; sourceTree = BUILT_PRODUCTS_DIR; };
		BA323B531B22CAB0001E93B0 /* Info.plist */ = {isa = PBXFileReference; lastKnownFileType = text.plist.xml; path = Info.plist; sourceTree = "<group>"; };
		BA323B541B22CAB0001E93B0 /* lynnWeiboTests.m */ = {isa = PBXFileReference; lastKnownFileType = sourcecode.c.objc; path = lynnWeiboTests.m; sourceTree = "<group>"; };
		BA7E8FF21B23E06100A01A18 /* Images.xcassets */ = {isa = PBXFileReference; lastKnownFileType = folder.assetcatalog; name = Images.xcassets; path = lynnWeibo/Images.xcassets; sourceTree = "<group>"; };
		BAB2E5EA1B254DD400157BF8 /* lynnWeibo_PrefixHeader.pch */ = {isa = PBXFileReference; fileEncoding = 4; lastKnownFileType = sourcecode.c.h; path = lynnWeibo_PrefixHeader.pch; sourceTree = "<group>"; };
		BAB2E5EB1B254FBA00157BF8 /* LYPopMenuView.h */ = {isa = PBXFileReference; fileEncoding = 4; lastKnownFileType = sourcecode.c.h; path = LYPopMenuView.h; sourceTree = "<group>"; };
		BAB2E5EC1B254FBA00157BF8 /* LYPopMenuView.m */ = {isa = PBXFileReference; fileEncoding = 4; lastKnownFileType = sourcecode.c.objc; path = LYPopMenuView.m; sourceTree = "<group>"; };
		BAB2E5ED1B254FBA00157BF8 /* LYTitleButton.h */ = {isa = PBXFileReference; fileEncoding = 4; lastKnownFileType = sourcecode.c.h; path = LYTitleButton.h; sourceTree = "<group>"; };
		BAB2E5EE1B254FBA00157BF8 /* LYTitleButton.m */ = {isa = PBXFileReference; fileEncoding = 4; lastKnownFileType = sourcecode.c.objc; path = LYTitleButton.m; sourceTree = "<group>"; };
		BAB2E5F11B25500000157BF8 /* LYSearchBar.h */ = {isa = PBXFileReference; fileEncoding = 4; lastKnownFileType = sourcecode.c.h; path = LYSearchBar.h; sourceTree = "<group>"; };
		BAB2E5F21B25500000157BF8 /* LYSearchBar.m */ = {isa = PBXFileReference; fileEncoding = 4; lastKnownFileType = sourcecode.c.objc; path = LYSearchBar.m; sourceTree = "<group>"; };
		BAB2E5F41B25504C00157BF8 /* LYWriteViewController.h */ = {isa = PBXFileReference; fileEncoding = 4; lastKnownFileType = sourcecode.c.h; path = LYWriteViewController.h; sourceTree = "<group>"; };
		BAB2E5F51B25504C00157BF8 /* LYWriteViewController.m */ = {isa = PBXFileReference; fileEncoding = 4; lastKnownFileType = sourcecode.c.objc; path = LYWriteViewController.m; sourceTree = "<group>"; };
		BAB2E5FA1B25671F00157BF8 /* LaunchScreen.xib */ = {isa = PBXFileReference; fileEncoding = 4; lastKnownFileType = file.xib; name = LaunchScreen.xib; path = lynnWeibo/LaunchScreen.xib; sourceTree = "<group>"; };
		BAB2E6001B258B1300157BF8 /* LYIntroController.h */ = {isa = PBXFileReference; fileEncoding = 4; lastKnownFileType = sourcecode.c.h; path = LYIntroController.h; sourceTree = "<group>"; };
		BAB2E6011B258B1300157BF8 /* LYIntroController.m */ = {isa = PBXFileReference; fileEncoding = 4; lastKnownFileType = sourcecode.c.objc; path = LYIntroController.m; sourceTree = "<group>"; };
		BAE6EF081B2549D300178DBD /* LYDiscoverTableController.h */ = {isa = PBXFileReference; fileEncoding = 4; lastKnownFileType = sourcecode.c.h; path = LYDiscoverTableController.h; sourceTree = "<group>"; };
		BAE6EF091B2549D300178DBD /* LYDiscoverTableController.m */ = {isa = PBXFileReference; fileEncoding = 4; lastKnownFileType = sourcecode.c.objc; path = LYDiscoverTableController.m; sourceTree = "<group>"; };
		BAE6EF101B2549D300178DBD /* LYHomeTableController.h */ = {isa = PBXFileReference; fileEncoding = 4; lastKnownFileType = sourcecode.c.h; path = LYHomeTableController.h; sourceTree = "<group>"; };
		BAE6EF111B2549D300178DBD /* LYHomeTableController.m */ = {isa = PBXFileReference; fileEncoding = 4; lastKnownFileType = sourcecode.c.objc; path = LYHomeTableController.m; sourceTree = "<group>"; };
		BAE6EF1A1B2549D300178DBD /* NSArray+ChineseExt.h */ = {isa = PBXFileReference; fileEncoding = 4; lastKnownFileType = sourcecode.c.h; path = "NSArray+ChineseExt.h"; sourceTree = "<group>"; };
		BAE6EF1B1B2549D300178DBD /* NSArray+ChineseExt.m */ = {isa = PBXFileReference; fileEncoding = 4; lastKnownFileType = sourcecode.c.objc; path = "NSArray+ChineseExt.m"; sourceTree = "<group>"; };
		BAE6EF1C1B2549D300178DBD /* UIBarButtonItem+ButtonImageExt.h */ = {isa = PBXFileReference; fileEncoding = 4; lastKnownFileType = sourcecode.c.h; path = "UIBarButtonItem+ButtonImageExt.h"; sourceTree = "<group>"; };
		BAE6EF1D1B2549D300178DBD /* UIBarButtonItem+ButtonImageExt.m */ = {isa = PBXFileReference; fileEncoding = 4; lastKnownFileType = sourcecode.c.objc; path = "UIBarButtonItem+ButtonImageExt.m"; sourceTree = "<group>"; };
		BAE6EF1E1B2549D300178DBD /* UIImage+ResizeExt.h */ = {isa = PBXFileReference; fileEncoding = 4; lastKnownFileType = sourcecode.c.h; path = "UIImage+ResizeExt.h"; sourceTree = "<group>"; };
		BAE6EF1F1B2549D300178DBD /* UIImage+ResizeExt.m */ = {isa = PBXFileReference; fileEncoding = 4; lastKnownFileType = sourcecode.c.objc; path = "UIImage+ResizeExt.m"; sourceTree = "<group>"; };
		BAE6EF201B2549D300178DBD /* UIView+ViewFrameExt.h */ = {isa = PBXFileReference; fileEncoding = 4; lastKnownFileType = sourcecode.c.h; path = "UIView+ViewFrameExt.h"; sourceTree = "<group>"; };
		BAE6EF211B2549D300178DBD /* UIView+ViewFrameExt.m */ = {isa = PBXFileReference; fileEncoding = 4; lastKnownFileType = sourcecode.c.objc; path = "UIView+ViewFrameExt.m"; sourceTree = "<group>"; };
		BAE6EF231B2549D300178DBD /* LYNavigationController.h */ = {isa = PBXFileReference; fileEncoding = 4; lastKnownFileType = sourcecode.c.h; path = LYNavigationController.h; sourceTree = "<group>"; };
		BAE6EF241B2549D300178DBD /* LYNavigationController.m */ = {isa = PBXFileReference; fileEncoding = 4; lastKnownFileType = sourcecode.c.objc; path = LYNavigationController.m; sourceTree = "<group>"; };
		BAE6EF251B2549D300178DBD /* LYTabBarController.h */ = {isa = PBXFileReference; fileEncoding = 4; lastKnownFileType = sourcecode.c.h; path = LYTabBarController.h; sourceTree = "<group>"; };
		BAE6EF261B2549D300178DBD /* LYTabBarController.m */ = {isa = PBXFileReference; fileEncoding = 4; lastKnownFileType = sourcecode.c.objc; path = LYTabBarController.m; sourceTree = "<group>"; };
		BAE6EF291B2549D300178DBD /* AppDelegate.h */ = {isa = PBXFileReference; fileEncoding = 4; lastKnownFileType = sourcecode.c.h; path = AppDelegate.h; sourceTree = "<group>"; };
		BAE6EF2A1B2549D300178DBD /* AppDelegate.m */ = {isa = PBXFileReference; fileEncoding = 4; lastKnownFileType = sourcecode.c.objc; path = AppDelegate.m; sourceTree = "<group>"; };
		BAE6EF2D1B2549D300178DBD /* LYTabBar.h */ = {isa = PBXFileReference; fileEncoding = 4; lastKnownFileType = sourcecode.c.h; path = LYTabBar.h; sourceTree = "<group>"; };
		BAE6EF2E1B2549D300178DBD /* LYTabBar.m */ = {isa = PBXFileReference; fileEncoding = 4; lastKnownFileType = sourcecode.c.objc; path = LYTabBar.m; sourceTree = "<group>"; };
		BAE6EF311B2549D300178DBD /* LYMessageTableController.h */ = {isa = PBXFileReference; fileEncoding = 4; lastKnownFileType = sourcecode.c.h; path = LYMessageTableController.h; sourceTree = "<group>"; };
		BAE6EF321B2549D300178DBD /* LYMessageTableController.m */ = {isa = PBXFileReference; fileEncoding = 4; lastKnownFileType = sourcecode.c.objc; path = LYMessageTableController.m; sourceTree = "<group>"; };
		BAE6EF371B2549D300178DBD /* LYProfileTableController.h */ = {isa = PBXFileReference; fileEncoding = 4; lastKnownFileType = sourcecode.c.h; path = LYProfileTableController.h; sourceTree = "<group>"; };
		BAE6EF381B2549D300178DBD /* LYProfileTableController.m */ = {isa = PBXFileReference; fileEncoding = 4; lastKnownFileType = sourcecode.c.objc; path = LYProfileTableController.m; sourceTree = "<group>"; };
/* End PBXFileReference section */

/* Begin PBXFrameworksBuildPhase section */
		BA323B321B22CAB0001E93B0 /* Frameworks */ = {
			isa = PBXFrameworksBuildPhase;
			buildActionMask = 2147483647;
			files = (
			);
			runOnlyForDeploymentPostprocessing = 0;
		};
		BA323B4B1B22CAB0001E93B0 /* Frameworks */ = {
			isa = PBXFrameworksBuildPhase;
			buildActionMask = 2147483647;
			files = (
			);
			runOnlyForDeploymentPostprocessing = 0;
		};
/* End PBXFrameworksBuildPhase section */

/* Begin PBXGroup section */
		BA323B2C1B22CAB0001E93B0 = {
			isa = PBXGroup;
			children = (
				BA323B371B22CAB0001E93B0 /* lynnWeibo */,
				BA7E8FF21B23E06100A01A18 /* Images.xcassets */,
				BAB2E5FA1B25671F00157BF8 /* LaunchScreen.xib */,
				BA323B511B22CAB0001E93B0 /* lynnWeiboTests */,
				BA323B361B22CAB0001E93B0 /* Products */,
			);
			sourceTree = "<group>";
		};
		BA323B361B22CAB0001E93B0 /* Products */ = {
			isa = PBXGroup;
			children = (
				BA323B351B22CAB0001E93B0 /* lynnWeibo.app */,
				BA323B4E1B22CAB0001E93B0 /* lynnWeiboTests.xctest */,
			);
			name = Products;
			sourceTree = "<group>";
		};
		BA323B371B22CAB0001E93B0 /* lynnWeibo */ = {
			isa = PBXGroup;
			children = (
				BAE6EF051B2549D300178DBD /* classes */,
				BA323B381B22CAB0001E93B0 /* Supporting Files */,
			);
			path = lynnWeibo;
			sourceTree = "<group>";
		};
		BA323B381B22CAB0001E93B0 /* Supporting Files */ = {
			isa = PBXGroup;
			children = (
				BA323B391B22CAB0001E93B0 /* Info.plist */,
				BA323B3A1B22CAB0001E93B0 /* main.m */,
			);
			name = "Supporting Files";
			sourceTree = "<group>";
		};
		BA323B511B22CAB0001E93B0 /* lynnWeiboTests */ = {
			isa = PBXGroup;
			children = (
				BA323B541B22CAB0001E93B0 /* lynnWeiboTests.m */,
				BA323B521B22CAB0001E93B0 /* Supporting Files */,
			);
			path = lynnWeiboTests;
			sourceTree = "<group>";
		};
		BA323B521B22CAB0001E93B0 /* Supporting Files */ = {
			isa = PBXGroup;
			children = (
				BA323B531B22CAB0001E93B0 /* Info.plist */,
			);
			name = "Supporting Files";
			sourceTree = "<group>";
		};
		BAB2E5FE1B258B1300157BF8 /* intro(介绍) */ = {
			isa = PBXGroup;
			children = (
				BAB2E5FF1B258B1300157BF8 /* controller */,
			);
			path = "intro(介绍)";
			sourceTree = "<group>";
		};
		BAB2E5FF1B258B1300157BF8 /* controller */ = {
			isa = PBXGroup;
			children = (
				BAB2E6001B258B1300157BF8 /* LYIntroController.h */,
				BAB2E6011B258B1300157BF8 /* LYIntroController.m */,
			);
			path = controller;
			sourceTree = "<group>";
		};
		BAE6EF051B2549D300178DBD /* classes */ = {
			isa = PBXGroup;
			children = (
				BAE6EF3B1B2549D300178DBD /* temp */,
				BAB2E5FE1B258B1300157BF8 /* intro(介绍) */,
				BAE6EF181B2549D300178DBD /* main(主要) */,
				BAE6EF0E1B2549D300178DBD /* home(首页) */,
				BAE6EF2F1B2549D300178DBD /* message(消息) */,
				BAE6EF3F1B2549D300178DBD /* write(发微博) */,
				BAE6EF061B2549D300178DBD /* discover(发现) */,
				BAE6EF351B2549D300178DBD /* profile(我) */,
			);
			path = classes;
			sourceTree = "<group>";
		};
		BAE6EF061B2549D300178DBD /* discover(发现) */ = {
			isa = PBXGroup;
			children = (
				BAE6EF071B2549D300178DBD /* controller */,
				BAE6EF0A1B2549D300178DBD /* model */,
				BAE6EF0B1B2549D300178DBD /* view */,
			);
			path = "discover(发现)";
			sourceTree = "<group>";
		};
		BAE6EF071B2549D300178DBD /* controller */ = {
			isa = PBXGroup;
			children = (
				BAE6EF081B2549D300178DBD /* LYDiscoverTableController.h */,
				BAE6EF091B2549D300178DBD /* LYDiscoverTableController.m */,
			);
			path = controller;
			sourceTree = "<group>";
		};
		BAE6EF0A1B2549D300178DBD /* model */ = {
			isa = PBXGroup;
			children = (
			);
			path = model;
			sourceTree = "<group>";
		};
		BAE6EF0B1B2549D300178DBD /* view */ = {
			isa = PBXGroup;
			children = (
				BAB2E5F11B25500000157BF8 /* LYSearchBar.h */,
				BAB2E5F21B25500000157BF8 /* LYSearchBar.m */,
			);
			path = view;
			sourceTree = "<group>";
		};
		BAE6EF0E1B2549D300178DBD /* home(首页) */ = {
			isa = PBXGroup;
			children = (
				BAE6EF141B2549D300178DBD /* model */,
				BAE6EF151B2549D300178DBD /* view */,
				BAE6EF0F1B2549D300178DBD /* controller */,
			);
			path = "home(首页)";
			sourceTree = "<group>";
		};
		BAE6EF0F1B2549D300178DBD /* controller */ = {
			isa = PBXGroup;
			children = (
				BAE6EF101B2549D300178DBD /* LYHomeTableController.h */,
				BAE6EF111B2549D300178DBD /* LYHomeTableController.m */,
			);
			path = controller;
			sourceTree = "<group>";
		};
		BAE6EF141B2549D300178DBD /* model */ = {
			isa = PBXGroup;
			children = (
			);
			path = model;
			sourceTree = "<group>";
		};
		BAE6EF151B2549D300178DBD /* view */ = {
			isa = PBXGroup;
			children = (
				BAB2E5ED1B254FBA00157BF8 /* LYTitleButton.h */,
				BAB2E5EE1B254FBA00157BF8 /* LYTitleButton.m */,
				BAB2E5EB1B254FBA00157BF8 /* LYPopMenuView.h */,
				BAB2E5EC1B254FBA00157BF8 /* LYPopMenuView.m */,
			);
			path = view;
			sourceTree = "<group>";
		};
		BAE6EF181B2549D300178DBD /* main(主要) */ = {
			isa = PBXGroup;
			children = (
				BAE6EF281B2549D300178DBD /* other */,
				BAE6EF191B2549D300178DBD /* category */,
				BAE6EF271B2549D300178DBD /* model */,
				BAE6EF2C1B2549D300178DBD /* view */,
				BAE6EF221B2549D300178DBD /* controller */,
			);
			path = "main(主要)";
			sourceTree = "<group>";
		};
		BAE6EF191B2549D300178DBD /* category */ = {
			isa = PBXGroup;
			children = (
				BAE6EF1A1B2549D300178DBD /* NSArray+ChineseExt.h */,
				BAE6EF1B1B2549D300178DBD /* NSArray+ChineseExt.m */,
				BAE6EF1C1B2549D300178DBD /* UIBarButtonItem+ButtonImageExt.h */,
				BAE6EF1D1B2549D300178DBD /* UIBarButtonItem+ButtonImageExt.m */,
				BAE6EF1E1B2549D300178DBD /* UIImage+ResizeExt.h */,
				BAE6EF1F1B2549D300178DBD /* UIImage+ResizeExt.m */,
				BAE6EF201B2549D300178DBD /* UIView+ViewFrameExt.h */,
				BAE6EF211B2549D300178DBD /* UIView+ViewFrameExt.m */,
			);
			path = category;
			sourceTree = "<group>";
		};
		BAE6EF221B2549D300178DBD /* controller */ = {
			isa = PBXGroup;
			children = (
				BAE6EF251B2549D300178DBD /* LYTabBarController.h */,
				BAE6EF261B2549D300178DBD /* LYTabBarController.m */,
				BAE6EF231B2549D300178DBD /* LYNavigationController.h */,
				BAE6EF241B2549D300178DBD /* LYNavigationController.m */,
			);
			path = controller;
			sourceTree = "<group>";
		};
		BAE6EF271B2549D300178DBD /* model */ = {
			isa = PBXGroup;
			children = (
			);
			path = model;
			sourceTree = "<group>";
		};
		BAE6EF281B2549D300178DBD /* other */ = {
			isa = PBXGroup;
			children = (
				BAE6EF291B2549D300178DBD /* AppDelegate.h */,
				BAE6EF2A1B2549D300178DBD /* AppDelegate.m */,
				BAB2E5EA1B254DD400157BF8 /* lynnWeibo_PrefixHeader.pch */,
			);
			path = other;
			sourceTree = "<group>";
		};
		BAE6EF2C1B2549D300178DBD /* view */ = {
			isa = PBXGroup;
			children = (
				BAE6EF2D1B2549D300178DBD /* LYTabBar.h */,
				BAE6EF2E1B2549D300178DBD /* LYTabBar.m */,
			);
			path = view;
			sourceTree = "<group>";
		};
		BAE6EF2F1B2549D300178DBD /* message(消息) */ = {
			isa = PBXGroup;
			children = (
				BAE6EF301B2549D300178DBD /* controller */,
				BAE6EF331B2549D300178DBD /* model */,
				BAE6EF341B2549D300178DBD /* view */,
			);
			path = "message(消息)";
			sourceTree = "<group>";
		};
		BAE6EF301B2549D300178DBD /* controller */ = {
			isa = PBXGroup;
			children = (
				BAE6EF311B2549D300178DBD /* LYMessageTableController.h */,
				BAE6EF321B2549D300178DBD /* LYMessageTableController.m */,
			);
			path = controller;
			sourceTree = "<group>";
		};
		BAE6EF331B2549D300178DBD /* model */ = {
			isa = PBXGroup;
			children = (
			);
			path = model;
			sourceTree = "<group>";
		};
		BAE6EF341B2549D300178DBD /* view */ = {
			isa = PBXGroup;
			children = (
			);
			path = view;
			sourceTree = "<group>";
		};
		BAE6EF351B2549D300178DBD /* profile(我) */ = {
			isa = PBXGroup;
			children = (
				BAE6EF361B2549D300178DBD /* controller */,
				BAE6EF391B2549D300178DBD /* model */,
				BAE6EF3A1B2549D300178DBD /* view */,
			);
			path = "profile(我)";
			sourceTree = "<group>";
		};
		BAE6EF361B2549D300178DBD /* controller */ = {
			isa = PBXGroup;
			children = (
				BAE6EF371B2549D300178DBD /* LYProfileTableController.h */,
				BAE6EF381B2549D300178DBD /* LYProfileTableController.m */,
			);
			path = controller;
			sourceTree = "<group>";
		};
		BAE6EF391B2549D300178DBD /* model */ = {
			isa = PBXGroup;
			children = (
			);
			path = model;
			sourceTree = "<group>";
		};
		BAE6EF3A1B2549D300178DBD /* view */ = {
			isa = PBXGroup;
			children = (
			);
			path = view;
			sourceTree = "<group>";
		};
		BAE6EF3B1B2549D300178DBD /* temp */ = {
			isa = PBXGroup;
			children = (
				BAE6EF3C1B2549D300178DBD /* controller */,
				BAE6EF3D1B2549D300178DBD /* model */,
				BAE6EF3E1B2549D300178DBD /* view */,
			);
			path = temp;
			sourceTree = "<group>";
		};
		BAE6EF3C1B2549D300178DBD /* controller */ = {
			isa = PBXGroup;
			children = (
			);
			path = controller;
			sourceTree = "<group>";
		};
		BAE6EF3D1B2549D300178DBD /* model */ = {
			isa = PBXGroup;
			children = (
			);
			path = model;
			sourceTree = "<group>";
		};
		BAE6EF3E1B2549D300178DBD /* view */ = {
			isa = PBXGroup;
			children = (
			);
			path = view;
			sourceTree = "<group>";
		};
		BAE6EF3F1B2549D300178DBD /* write(发微博) */ = {
			isa = PBXGroup;
			children = (
				BAE6EF401B2549D300178DBD /* controller */,
				BAE6EF411B2549D300178DBD /* model */,
				BAE6EF421B2549D300178DBD /* view */,
			);
			path = "write(发微博)";
			sourceTree = "<group>";
		};
		BAE6EF401B2549D300178DBD /* controller */ = {
			isa = PBXGroup;
			children = (
				BAB2E5F41B25504C00157BF8 /* LYWriteViewController.h */,
				BAB2E5F51B25504C00157BF8 /* LYWriteViewController.m */,
			);
			path = controller;
			sourceTree = "<group>";
		};
		BAE6EF411B2549D300178DBD /* model */ = {
			isa = PBXGroup;
			children = (
			);
			path = model;
			sourceTree = "<group>";
		};
		BAE6EF421B2549D300178DBD /* view */ = {
			isa = PBXGroup;
			children = (
			);
			path = view;
			sourceTree = "<group>";
		};
/* End PBXGroup section */

/* Begin PBXNativeTarget section */
		BA323B341B22CAB0001E93B0 /* lynnWeibo */ = {
			isa = PBXNativeTarget;
			buildConfigurationList = BA323B581B22CAB0001E93B0 /* Build configuration list for PBXNativeTarget "lynnWeibo" */;
			buildPhases = (
				BA323B311B22CAB0001E93B0 /* Sources */,
				BA323B321B22CAB0001E93B0 /* Frameworks */,
				BA323B331B22CAB0001E93B0 /* Resources */,
			);
			buildRules = (
			);
			dependencies = (
			);
			name = lynnWeibo;
			productName = lynnWeibo;
			productReference = BA323B351B22CAB0001E93B0 /* lynnWeibo.app */;
			productType = "com.apple.product-type.application";
		};
		BA323B4D1B22CAB0001E93B0 /* lynnWeiboTests */ = {
			isa = PBXNativeTarget;
			buildConfigurationList = BA323B5B1B22CAB0001E93B0 /* Build configuration list for PBXNativeTarget "lynnWeiboTests" */;
			buildPhases = (
				BA323B4A1B22CAB0001E93B0 /* Sources */,
				BA323B4B1B22CAB0001E93B0 /* Frameworks */,
				BA323B4C1B22CAB0001E93B0 /* Resources */,
			);
			buildRules = (
			);
			dependencies = (
				BA323B501B22CAB0001E93B0 /* PBXTargetDependency */,
			);
			name = lynnWeiboTests;
			productName = lynnWeiboTests;
			productReference = BA323B4E1B22CAB0001E93B0 /* lynnWeiboTests.xctest */;
			productType = "com.apple.product-type.bundle.unit-test";
		};
/* End PBXNativeTarget section */

/* Begin PBXProject section */
		BA323B2D1B22CAB0001E93B0 /* Project object */ = {
			isa = PBXProject;
			attributes = {
				CLASSPREFIX = LY;
				LastUpgradeCheck = 0630;
				ORGANIZATIONNAME = Lynn;
				TargetAttributes = {
					BA323B341B22CAB0001E93B0 = {
						CreatedOnToolsVersion = 6.3.1;
					};
					BA323B4D1B22CAB0001E93B0 = {
						CreatedOnToolsVersion = 6.3.1;
						TestTargetID = BA323B341B22CAB0001E93B0;
					};
				};
			};
			buildConfigurationList = BA323B301B22CAB0001E93B0 /* Build configuration list for PBXProject "lynnWeibo" */;
			compatibilityVersion = "Xcode 3.2";
			developmentRegion = English;
			hasScannedForEncodings = 0;
			knownRegions = (
				en,
				Base,
			);
			mainGroup = BA323B2C1B22CAB0001E93B0;
			productRefGroup = BA323B361B22CAB0001E93B0 /* Products */;
			projectDirPath = "";
			projectRoot = "";
			targets = (
				BA323B341B22CAB0001E93B0 /* lynnWeibo */,
				BA323B4D1B22CAB0001E93B0 /* lynnWeiboTests */,
			);
		};
/* End PBXProject section */

/* Begin PBXResourcesBuildPhase section */
		BA323B331B22CAB0001E93B0 /* Resources */ = {
			isa = PBXResourcesBuildPhase;
			buildActionMask = 2147483647;
			files = (
				BAB2E5FB1B25671F00157BF8 /* LaunchScreen.xib in Resources */,
				BA7E8FF31B23E06100A01A18 /* Images.xcassets in Resources */,
			);
			runOnlyForDeploymentPostprocessing = 0;
		};
		BA323B4C1B22CAB0001E93B0 /* Resources */ = {
			isa = PBXResourcesBuildPhase;
			buildActionMask = 2147483647;
			files = (
			);
			runOnlyForDeploymentPostprocessing = 0;
		};
/* End PBXResourcesBuildPhase section */

/* Begin PBXSourcesBuildPhase section */
		BA323B311B22CAB0001E93B0 /* Sources */ = {
			isa = PBXSourcesBuildPhase;
			buildActionMask = 2147483647;
			files = (
				BAE6EF491B2549D300178DBD /* UIBarButtonItem+ButtonImageExt.m in Sources */,
				BAE6EF481B2549D300178DBD /* NSArray+ChineseExt.m in Sources */,
				BAE6EF501B2549D300178DBD /* LYMessageTableController.m in Sources */,
				BAB2E6021B258B1300157BF8 /* LYIntroController.m in Sources */,
				BAB2E5EF1B254FBA00157BF8 /* LYPopMenuView.m in Sources */,
				BAE6EF4C1B2549D300178DBD /* LYNavigationController.m in Sources */,
				BAE6EF451B2549D300178DBD /* LYHomeTableController.m in Sources */,
				BAE6EF4D1B2549D300178DBD /* LYTabBarController.m in Sources */,
				BAE6EF511B2549D300178DBD /* LYProfileTableController.m in Sources */,
				BAB2E5F31B25500000157BF8 /* LYSearchBar.m in Sources */,
				BAE6EF431B2549D300178DBD /* LYDiscoverTableController.m in Sources */,
				BAE6EF4E1B2549D300178DBD /* AppDelegate.m in Sources */,
				BAE6EF4F1B2549D300178DBD /* LYTabBar.m in Sources */,
				BAE6EF4B1B2549D300178DBD /* UIView+ViewFrameExt.m in Sources */,
				BAB2E5F01B254FBA00157BF8 /* LYTitleButton.m in Sources */,
				BAE6EF4A1B2549D300178DBD /* UIImage+ResizeExt.m in Sources */,
				BAB2E5F61B25504C00157BF8 /* LYWriteViewController.m in Sources */,
				BA323B3B1B22CAB0001E93B0 /* main.m in Sources */,
			);
			runOnlyForDeploymentPostprocessing = 0;
		};
		BA323B4A1B22CAB0001E93B0 /* Sources */ = {
			isa = PBXSourcesBuildPhase;
			buildActionMask = 2147483647;
			files = (
				BA323B551B22CAB0001E93B0 /* lynnWeiboTests.m in Sources */,
			);
			runOnlyForDeploymentPostprocessing = 0;
		};
/* End PBXSourcesBuildPhase section */

/* Begin PBXTargetDependency section */
		BA323B501B22CAB0001E93B0 /* PBXTargetDependency */ = {
			isa = PBXTargetDependency;
			target = BA323B341B22CAB0001E93B0 /* lynnWeibo */;
			targetProxy = BA323B4F1B22CAB0001E93B0 /* PBXContainerItemProxy */;
		};
/* End PBXTargetDependency section */

/* Begin XCBuildConfiguration section */
		BA323B561B22CAB0001E93B0 /* Debug */ = {
			isa = XCBuildConfiguration;
			buildSettings = {
				ALWAYS_SEARCH_USER_PATHS = YES;
				CLANG_CXX_LANGUAGE_STANDARD = "gnu++0x";
				CLANG_CXX_LIBRARY = "libc++";
				CLANG_ENABLE_MODULES = YES;
				CLANG_ENABLE_OBJC_ARC = YES;
				CLANG_WARN_BOOL_CONVERSION = YES;
				CLANG_WARN_CONSTANT_CONVERSION = YES;
				CLANG_WARN_DIRECT_OBJC_ISA_USAGE = YES_ERROR;
				CLANG_WARN_EMPTY_BODY = YES;
				CLANG_WARN_ENUM_CONVERSION = YES;
				CLANG_WARN_INT_CONVERSION = YES;
				CLANG_WARN_OBJC_ROOT_CLASS = YES_ERROR;
				CLANG_WARN_UNREACHABLE_CODE = YES;
				CLANG_WARN__DUPLICATE_METHOD_MATCH = YES;
				"CODE_SIGN_IDENTITY[sdk=iphoneos*]" = "iPhone Developer";
				COPY_PHASE_STRIP = NO;
				DEBUG_INFORMATION_FORMAT = "dwarf-with-dsym";
				ENABLE_STRICT_OBJC_MSGSEND = YES;
				GCC_C_LANGUAGE_STANDARD = gnu99;
				GCC_DYNAMIC_NO_PIC = NO;
				GCC_NO_COMMON_BLOCKS = YES;
				GCC_OPTIMIZATION_LEVEL = 0;
				GCC_PRECOMPILE_PREFIX_HEADER = NO;
				GCC_PREFIX_HEADER = "$(SRCROOT)/lynnWeibo/classes/main(主要)/other/lynnWeibo_PrefixHeader.pch";
				GCC_PREPROCESSOR_DEFINITIONS = (
					"DEBUG=1",
					"$(inherited)",
				);
				GCC_SYMBOLS_PRIVATE_EXTERN = NO;
				GCC_WARN_64_TO_32_BIT_CONVERSION = YES;
				GCC_WARN_ABOUT_RETURN_TYPE = YES_ERROR;
				GCC_WARN_UNDECLARED_SELECTOR = YES;
				GCC_WARN_UNINITIALIZED_AUTOS = YES_AGGRESSIVE;
				GCC_WARN_UNUSED_FUNCTION = YES;
				GCC_WARN_UNUSED_VARIABLE = YES;
				IPHONEOS_DEPLOYMENT_TARGET = 8.3;
				MTL_ENABLE_DEBUG_INFO = YES;
				ONLY_ACTIVE_ARCH = YES;
				SDKROOT = iphoneos;
				TARGETED_DEVICE_FAMILY = 1;
				USER_HEADER_SEARCH_PATHS = "";
			};
			name = Debug;
		};
		BA323B571B22CAB0001E93B0 /* Release */ = {
			isa = XCBuildConfiguration;
			buildSettings = {
				ALWAYS_SEARCH_USER_PATHS = YES;
				CLANG_CXX_LANGUAGE_STANDARD = "gnu++0x";
				CLANG_CXX_LIBRARY = "libc++";
				CLANG_ENABLE_MODULES = YES;
				CLANG_ENABLE_OBJC_ARC = YES;
				CLANG_WARN_BOOL_CONVERSION = YES;
				CLANG_WARN_CONSTANT_CONVERSION = YES;
				CLANG_WARN_DIRECT_OBJC_ISA_USAGE = YES_ERROR;
				CLANG_WARN_EMPTY_BODY = YES;
				CLANG_WARN_ENUM_CONVERSION = YES;
				CLANG_WARN_INT_CONVERSION = YES;
				CLANG_WARN_OBJC_ROOT_CLASS = YES_ERROR;
				CLANG_WARN_UNREACHABLE_CODE = YES;
				CLANG_WARN__DUPLICATE_METHOD_MATCH = YES;
				"CODE_SIGN_IDENTITY[sdk=iphoneos*]" = "iPhone Developer";
				COPY_PHASE_STRIP = NO;
				DEBUG_INFORMATION_FORMAT = "dwarf-with-dsym";
				ENABLE_NS_ASSERTIONS = NO;
				ENABLE_STRICT_OBJC_MSGSEND = YES;
				GCC_C_LANGUAGE_STANDARD = gnu99;
				GCC_NO_COMMON_BLOCKS = YES;
				GCC_PRECOMPILE_PREFIX_HEADER = NO;
				GCC_PREFIX_HEADER = "$(SRCROOT)/lynnWeibo/classes/main(主要)/other/lynnWeibo_PrefixHeader.pch";
				GCC_WARN_64_TO_32_BIT_CONVERSION = YES;
				GCC_WARN_ABOUT_RETURN_TYPE = YES_ERROR;
				GCC_WARN_UNDECLARED_SELECTOR = YES;
				GCC_WARN_UNINITIALIZED_AUTOS = YES_AGGRESSIVE;
				GCC_WARN_UNUSED_FUNCTION = YES;
				GCC_WARN_UNUSED_VARIABLE = YES;
				IPHONEOS_DEPLOYMENT_TARGET = 8.3;
				MTL_ENABLE_DEBUG_INFO = NO;
				SDKROOT = iphoneos;
				TARGETED_DEVICE_FAMILY = 1;
				USER_HEADER_SEARCH_PATHS = "";
				VALIDATE_PRODUCT = YES;
			};
			name = Release;
		};
		BA323B591B22CAB0001E93B0 /* Debug */ = {
			isa = XCBuildConfiguration;
			buildSettings = {
				ASSETCATALOG_COMPILER_APPICON_NAME = AppIcon;
				ASSETCATALOG_COMPILER_LAUNCHIMAGE_NAME = LaunchImage;
				GCC_PREFIX_HEADER = "$(SRCROOT)/lynnWeibo/classes/main(主要)/other/lynnWeibo_PrefixHeader.pch";
				INFOPLIST_FILE = lynnWeibo/Info.plist;
				IPHONEOS_DEPLOYMENT_TARGET = 8.3;
				LD_RUNPATH_SEARCH_PATHS = "$(inherited) @executable_path/Frameworks";
				PRODUCT_NAME = "$(TARGET_NAME)";
			};
			name = Debug;
		};
		BA323B5A1B22CAB0001E93B0 /* Release */ = {
			isa = XCBuildConfiguration;
			buildSettings = {
				ASSETCATALOG_COMPILER_APPICON_NAME = AppIcon;
				ASSETCATALOG_COMPILER_LAUNCHIMAGE_NAME = LaunchImage;
				GCC_PREFIX_HEADER = "$(SRCROOT)/lynnWeibo/classes/main(主要)/other/lynnWeibo_PrefixHeader.pch";
				INFOPLIST_FILE = lynnWeibo/Info.plist;
				IPHONEOS_DEPLOYMENT_TARGET = 8.3;
				LD_RUNPATH_SEARCH_PATHS = "$(inherited) @executable_path/Frameworks";
				PRODUCT_NAME = "$(TARGET_NAME)";
			};
			name = Release;
		};
		BA323B5C1B22CAB0001E93B0 /* Debug */ = {
			isa = XCBuildConfiguration;
			buildSettings = {
				BUNDLE_LOADER = "$(TEST_HOST)";
				FRAMEWORK_SEARCH_PATHS = (
					"$(SDKROOT)/Developer/Library/Frameworks",
					"$(inherited)",
				);
				GCC_PREFIX_HEADER = "$(SRCROOT)/lynnWeibo/classes/main(主要)/other/lynnWeibo_PrefixHeader.pch";
				GCC_PREPROCESSOR_DEFINITIONS = (
					"DEBUG=1",
					"$(inherited)",
				);
				INFOPLIST_FILE = lynnWeiboTests/Info.plist;
				LD_RUNPATH_SEARCH_PATHS = "$(inherited) @executable_path/Frameworks @loader_path/Frameworks";
				PRODUCT_NAME = "$(TARGET_NAME)";
				TEST_HOST = "$(BUILT_PRODUCTS_DIR)/lynnWeibo.app/lynnWeibo";
			};
			name = Debug;
		};
		BA323B5D1B22CAB0001E93B0 /* Release */ = {
			isa = XCBuildConfiguration;
			buildSettings = {
				BUNDLE_LOADER = "$(TEST_HOST)";
				FRAMEWORK_SEARCH_PATHS = (
					"$(SDKROOT)/Developer/Library/Frameworks",
					"$(inherited)",
				);
				GCC_PREFIX_HEADER = "$(SRCROOT)/lynnWeibo/classes/main(主要)/other/lynnWeibo_PrefixHeader.pch";
				INFOPLIST_FILE = lynnWeiboTests/Info.plist;
				LD_RUNPATH_SEARCH_PATHS = "$(inherited) @executable_path/Frameworks @loader_path/Frameworks";
				PRODUCT_NAME = "$(TARGET_NAME)";
				TEST_HOST = "$(BUILT_PRODUCTS_DIR)/lynnWeibo.app/lynnWeibo";
			};
			name = Release;
		};
/* End XCBuildConfiguration section */

/* Begin XCConfigurationList section */
		BA323B301B22CAB0001E93B0 /* Build configuration list for PBXProject "lynnWeibo" */ = {
			isa = XCConfigurationList;
			buildConfigurations = (
				BA323B561B22CAB0001E93B0 /* Debug */,
				BA323B571B22CAB0001E93B0 /* Release */,
			);
			defaultConfigurationIsVisible = 0;
			defaultConfigurationName = Release;
		};
		BA323B581B22CAB0001E93B0 /* Build configuration list for PBXNativeTarget "lynnWeibo" */ = {
			isa = XCConfigurationList;
			buildConfigurations = (
				BA323B591B22CAB0001E93B0 /* Debug */,
				BA323B5A1B22CAB0001E93B0 /* Release */,
			);
			defaultConfigurationIsVisible = 0;
			defaultConfigurationName = Release;
		};
		BA323B5B1B22CAB0001E93B0 /* Build configuration list for PBXNativeTarget "lynnWeiboTests" */ = {
			isa = XCConfigurationList;
			buildConfigurations = (
				BA323B5C1B22CAB0001E93B0 /* Debug */,
				BA323B5D1B22CAB0001E93B0 /* Release */,
			);
			defaultConfigurationIsVisible = 0;
			defaultConfigurationName = Release;
		};
/* End XCConfigurationList section */
	};
	rootObject = BA323B2D1B22CAB0001E93B0 /* Project object */;
}
